
Microsoft Visual Studio Solution File, Format Version 12.00
# Visual Studio Version 17
VisualStudioVersion = 17.9.34728.123
MinimumVisualStudioVersion = 10.0.40219.1
Project("{8BC9CEB8-8B4A-11D0-8D11-00A0C91BC942}") = "StudyCorr", "StudyCorr\StudyCorr.vcxproj", "{9A8CA71F-9B02-43A7-9167-7E06092BF9A6}"
EndProject
Global
	GlobalSection(SolutionConfigurationPlatforms) = preSolution
		Debug|x64 = Debug|x64
		Release|x64 = Release|x64
	EndGlobalSection
	GlobalSection(ProjectConfigurationPlatforms) = postSolution
		{9A8CA71F-9B02-43A7-9167-7E06092BF9A6}.Debug|x64.ActiveCfg = Debug|x64
		{9A8CA71F-9B02-43A7-9167-7E06092BF9A6}.Debug|x64.Build.0 = Debug|x64
		{9A8CA71F-9B02-43A7-9167-7E06092BF9A6}.Release|x64.ActiveCfg = Release|x64
		{9A8CA71F-9B02-43A7-9167-7E06092BF9A6}.Release|x64.Build.0 = Release|x64
	EndGlobalSection
	GlobalSection(SolutionProperties) = preSolution
		HideSolutionNode = FALSE
	EndGlobalSection
	GlobalSection(ExtensibilityGlobals) = postSolution
		SolutionGuid = {2027A271-340F-4337-9E3F-186A65A9F009}
	EndGlobalSection
EndGlobal
